PODS:
  - Analytics (3.5.5)
  - Mixpanel (3.0.6):
    - Mixpanel/Mixpanel (= 3.0.6)
  - Mixpanel/Mixpanel (3.0.6)
  - Segment-Mixpanel (1.1.0):
    - Analytics (~> 3.0)
    - Mixpanel (~> 3.0)

DEPENDENCIES:
  - Analytics (from `https://github.com/segmentio/analytics-ios.git`, branch `dev`)
  - Segment-Mixpanel

EXTERNAL SOURCES:
  Analytics:
    :branch: dev
    :git: https://github.com/segmentio/analytics-ios.git

CHECKOUT OPTIONS:
  Analytics:
    :commit: 52fb00e6e1337ee3fb1fe48f76dc015fc01b2db1
    :git: https://github.com/segmentio/analytics-ios.git

SPEC CHECKSUMS:
  Analytics: af1da699765b652112483847ea73ad7c6adbd0e9
  Mixpanel: c462992e6fe84d74a8d0408c0b25852ddd067e4b
  Segment-Mixpanel: 8e9f449c86d929f0e7abb2e89c760e65f5182d6e

PODFILE CHECKSUM: aaa2d52d1916bd00d5ec6b183e0594348fb4c266

COCOAPODS: 1.1.1
