// !$*UTF8*$!
{
	archiveVersion = 1;
	classes = {
	};
	objectVersion = 46;
	objects = {

/* Begin PBXBuildFile section */
		EA2BDC771E09E0A700F02E46 /* SEGKahunaIntegration.m in Sources */ = {isa = PBXBuildFile; fileRef = EA2BDC721E09E0A700F02E46 /* SEGKahunaIntegration.m */; };
		EA2BDC781E09E0A700F02E46 /* SEGKahunaIntegrationFactory.m in Sources */ = {isa = PBXBuildFile; fileRef = EA2BDC741E09E0A700F02E46 /* SEGKahunaIntegrationFactory.m */; };
		EAEABB991DF2174A002220BB /* AppDelegate.swift in Sources */ = {isa = PBXBuildFile; fileRef = EAEABB981DF2174A002220BB /* AppDelegate.swift */; };
		EAEABB9B1DF2174A002220BB /* ViewController.swift in Sources */ = {isa = PBXBuildFile; fileRef = EAEABB9A1DF2174A002220BB /* ViewController.swift */; };
		EAEABB9E1DF2174A002220BB /* Main.storyboard in Resources */ = {isa = PBXBuildFile; fileRef = EAEABB9C1DF2174A002220BB /* Main.storyboard */; };
		EAEABBA01DF2174A002220BB /* Assets.xcassets in Resources */ = {isa = PBXBuildFile; fileRef = EAEABB9F1DF2174A002220BB /* Assets.xcassets */; };
		EAEABBA31DF2174A002220BB /* LaunchScreen.storyboard in Resources */ = {isa = PBXBuildFile; fileRef = EAEABBA11DF2174A002220BB /* LaunchScreen.storyboard */; };
		EAEABBAD1DF23736002220BB /* CustomMiddlewares.swift in Sources */ = {isa = PBXBuildFile; fileRef = EAEABBAC1DF23736002220BB /* CustomMiddlewares.swift */; };
		EAEABBAF1DF23BA9002220BB /* Helpers.swift in Sources */ = {isa = PBXBuildFile; fileRef = EAEABBAE1DF23BA9002220BB /* Helpers.swift */; };
		F3ED652F17CE5B4A448DAE13 /* libPods-AnalyticsIOSTestApp.a in Frameworks */ = {isa = PBXBuildFile; fileRef = 47B18887D4A71EE1F0B1523B /* libPods-AnalyticsIOSTestApp.a */; };
/* End PBXBuildFile section */

/* Begin PBXFileReference section */
		39DCE8145A74600FF3F4E419 /* Pods-AnalyticsIOSTestApp.release.xcconfig */ = {isa = PBXFileReference; includeInIndex = 1; lastKnownFileType = text.xcconfig; name = "Pods-AnalyticsIOSTestApp.release.xcconfig"; path = "Pods/Target Support Files/Pods-AnalyticsIOSTestApp/Pods-AnalyticsIOSTestApp.release.xcconfig"; sourceTree = "<group>"; };
		47B18887D4A71EE1F0B1523B /* libPods-AnalyticsIOSTestApp.a */ = {isa = PBXFileReference; explicitFileType = archive.ar; includeInIndex = 0; path = "libPods-AnalyticsIOSTestApp.a"; sourceTree = BUILT_PRODUCTS_DIR; };
		EA2BDC701E09E0A700F02E46 /* SEGKahunaDefines.h */ = {isa = PBXFileReference; fileEncoding = 4; lastKnownFileType = sourcecode.c.h; path = SEGKahunaDefines.h; sourceTree = "<group>"; };
		EA2BDC711E09E0A700F02E46 /* SEGKahunaIntegration.h */ = {isa = PBXFileReference; fileEncoding = 4; lastKnownFileType = sourcecode.c.h; path = SEGKahunaIntegration.h; sourceTree = "<group>"; };
		EA2BDC721E09E0A700F02E46 /* SEGKahunaIntegration.m */ = {isa = PBXFileReference; fileEncoding = 4; lastKnownFileType = sourcecode.c.objc; path = SEGKahunaIntegration.m; sourceTree = "<group>"; };
		EA2BDC731E09E0A700F02E46 /* SEGKahunaIntegrationFactory.h */ = {isa = PBXFileReference; fileEncoding = 4; lastKnownFileType = sourcecode.c.h; path = SEGKahunaIntegrationFactory.h; sourceTree = "<group>"; };
		EA2BDC741E09E0A700F02E46 /* SEGKahunaIntegrationFactory.m */ = {isa = PBXFileReference; fileEncoding = 4; lastKnownFileType = sourcecode.c.objc; path = SEGKahunaIntegrationFactory.m; sourceTree = "<group>"; };
		EAEABB951DF2174A002220BB /* AnalyticsIOSTestApp.app */ = {isa = PBXFileReference; explicitFileType = wrapper.application; includeInIndex = 0; path = AnalyticsIOSTestApp.app; sourceTree = BUILT_PRODUCTS_DIR; };
		EAEABB981DF2174A002220BB /* AppDelegate.swift */ = {isa = PBXFileReference; lastKnownFileType = sourcecode.swift; path = AppDelegate.swift; sourceTree = "<group>"; };
		EAEABB9A1DF2174A002220BB /* ViewController.swift */ = {isa = PBXFileReference; lastKnownFileType = sourcecode.swift; path = ViewController.swift; sourceTree = "<group>"; };
		EAEABB9D1DF2174A002220BB /* Base */ = {isa = PBXFileReference; lastKnownFileType = file.storyboard; name = Base; path = Base.lproj/Main.storyboard; sourceTree = "<group>"; };
		EAEABB9F1DF2174A002220BB /* Assets.xcassets */ = {isa = PBXFileReference; lastKnownFileType = folder.assetcatalog; path = Assets.xcassets; sourceTree = "<group>"; };
		EAEABBA21DF2174A002220BB /* Base */ = {isa = PBXFileReference; lastKnownFileType = file.storyboard; name = Base; path = Base.lproj/LaunchScreen.storyboard; sourceTree = "<group>"; };
		EAEABBA41DF2174A002220BB /* Info.plist */ = {isa = PBXFileReference; lastKnownFileType = text.plist.xml; path = Info.plist; sourceTree = "<group>"; };
		EAEABBAA1DF21795002220BB /* AnalyticsIOSTestApp-Bridging-Header.h */ = {isa = PBXFileReference; lastKnownFileType = sourcecode.c.h; path = "AnalyticsIOSTestApp-Bridging-Header.h"; sourceTree = "<group>"; };
		EAEABBAC1DF23736002220BB /* CustomMiddlewares.swift */ = {isa = PBXFileReference; fileEncoding = 4; lastKnownFileType = sourcecode.swift; path = CustomMiddlewares.swift; sourceTree = "<group>"; };
		EAEABBAE1DF23BA9002220BB /* Helpers.swift */ = {isa = PBXFileReference; fileEncoding = 4; lastKnownFileType = sourcecode.swift; path = Helpers.swift; sourceTree = "<group>"; };
		F2E972C5516B833DBE426048 /* Pods-AnalyticsIOSTestApp.debug.xcconfig */ = {isa = PBXFileReference; includeInIndex = 1; lastKnownFileType = text.xcconfig; name = "Pods-AnalyticsIOSTestApp.debug.xcconfig"; path = "Pods/Target Support Files/Pods-AnalyticsIOSTestApp/Pods-AnalyticsIOSTestApp.debug.xcconfig"; sourceTree = "<group>"; };
/* End PBXFileReference section */

/* Begin PBXFrameworksBuildPhase section */
		EAEABB921DF2174A002220BB /* Frameworks */ = {
			isa = PBXFrameworksBuildPhase;
			buildActionMask = 2147483647;
			files = (
				F3ED652F17CE5B4A448DAE13 /* libPods-AnalyticsIOSTestApp.a in Frameworks */,
			);
			runOnlyForDeploymentPostprocessing = 0;
		};
/* End PBXFrameworksBuildPhase section */

/* Begin PBXGroup section */
		1229E2F8AEA39B89BC26884D /* Frameworks */ = {
			isa = PBXGroup;
			children = (
				EA2BDC6C1E09E0A700F02E46 /* Segment-Kahuna */,
				47B18887D4A71EE1F0B1523B /* libPods-AnalyticsIOSTestApp.a */,
			);
			name = Frameworks;
			sourceTree = "<group>";
		};
		EA2BDC6C1E09E0A700F02E46 /* Segment-Kahuna */ = {
			isa = PBXGroup;
			children = (
				EA2BDC6E1E09E0A700F02E46 /* Pod */,
			);
			name = "Segment-Kahuna";
			path = "Pods/Segment-Kahuna";
			sourceTree = "<group>";
		};
		EA2BDC6E1E09E0A700F02E46 /* Pod */ = {
			isa = PBXGroup;
			children = (
				EA2BDC6F1E09E0A700F02E46 /* Classes */,
			);
			path = Pod;
			sourceTree = "<group>";
		};
		EA2BDC6F1E09E0A700F02E46 /* Classes */ = {
			isa = PBXGroup;
			children = (
				EA2BDC701E09E0A700F02E46 /* SEGKahunaDefines.h */,
				EA2BDC711E09E0A700F02E46 /* SEGKahunaIntegration.h */,
				EA2BDC721E09E0A700F02E46 /* SEGKahunaIntegration.m */,
				EA2BDC731E09E0A700F02E46 /* SEGKahunaIntegrationFactory.h */,
				EA2BDC741E09E0A700F02E46 /* SEGKahunaIntegrationFactory.m */,
			);
			path = Classes;
			sourceTree = "<group>";
		};
		EAEABB8C1DF2174A002220BB = {
			isa = PBXGroup;
			children = (
				EAEABB971DF2174A002220BB /* AnalyticsIOSTestApp */,
				EAEABB961DF2174A002220BB /* Products */,
				F0727596FBAA5A000603D4A0 /* Pods */,
				1229E2F8AEA39B89BC26884D /* Frameworks */,
			);
			sourceTree = "<group>";
		};
		EAEABB961DF2174A002220BB /* Products */ = {
			isa = PBXGroup;
			children = (
				EAEABB951DF2174A002220BB /* AnalyticsIOSTestApp.app */,
			);
			name = Products;
			sourceTree = "<group>";
		};
		EAEABB971DF2174A002220BB /* AnalyticsIOSTestApp */ = {
			isa = PBXGroup;
			children = (
				EAEABBAA1DF21795002220BB /* AnalyticsIOSTestApp-Bridging-Header.h */,
				EAEABB981DF2174A002220BB /* AppDelegate.swift */,
				EAEABB9A1DF2174A002220BB /* ViewController.swift */,
				EAEABBAC1DF23736002220BB /* CustomMiddlewares.swift */,
				EAEABB9C1DF2174A002220BB /* Main.storyboard */,
				EAEABB9F1DF2174A002220BB /* Assets.xcassets */,
				EAEABBA11DF2174A002220BB /* LaunchScreen.storyboard */,
				EAEABBA41DF2174A002220BB /* Info.plist */,
				EAEABBAE1DF23BA9002220BB /* Helpers.swift */,
			);
			path = AnalyticsIOSTestApp;
			sourceTree = "<group>";
		};
		F0727596FBAA5A000603D4A0 /* Pods */ = {
			isa = PBXGroup;
			children = (
				F2E972C5516B833DBE426048 /* Pods-AnalyticsIOSTestApp.debug.xcconfig */,
				39DCE8145A74600FF3F4E419 /* Pods-AnalyticsIOSTestApp.release.xcconfig */,
			);
			name = Pods;
			sourceTree = "<group>";
		};
/* End PBXGroup section */

/* Begin PBXNativeTarget section */
		EAEABB941DF2174A002220BB /* AnalyticsIOSTestApp */ = {
			isa = PBXNativeTarget;
			buildConfigurationList = EAEABBA71DF2174A002220BB /* Build configuration list for PBXNativeTarget "AnalyticsIOSTestApp" */;
			buildPhases = (
				2BCFAC254375B4D802163D0E /* [CP] Check Pods Manifest.lock */,
				EAEABB911DF2174A002220BB /* Sources */,
				EAEABB921DF2174A002220BB /* Frameworks */,
				EAEABB931DF2174A002220BB /* Resources */,
				3B6D19378A081033361E90EF /* [CP] Embed Pods Frameworks */,
				7D118847B74F106397706431 /* [CP] Copy Pods Resources */,
			);
			buildRules = (
			);
			dependencies = (
			);
			name = AnalyticsIOSTestApp;
			productName = AnalyticsIOSTestApp;
			productReference = EAEABB951DF2174A002220BB /* AnalyticsIOSTestApp.app */;
			productType = "com.apple.product-type.application";
		};
/* End PBXNativeTarget section */

/* Begin PBXProject section */
		EAEABB8D1DF2174A002220BB /* Project object */ = {
			isa = PBXProject;
			attributes = {
				LastSwiftUpdateCheck = 0810;
				LastUpgradeCheck = 0810;
				ORGANIZATIONNAME = Segment;
				TargetAttributes = {
					EAEABB941DF2174A002220BB = {
						CreatedOnToolsVersion = 8.1;
						LastSwiftMigration = 0810;
						ProvisioningStyle = Automatic;
					};
				};
			};
			buildConfigurationList = EAEABB901DF2174A002220BB /* Build configuration list for PBXProject "AnalyticsIOSTestApp" */;
			compatibilityVersion = "Xcode 3.2";
			developmentRegion = English;
			hasScannedForEncodings = 0;
			knownRegions = (
				en,
				Base,
			);
			mainGroup = EAEABB8C1DF2174A002220BB;
			productRefGroup = EAEABB961DF2174A002220BB /* Products */;
			projectDirPath = "";
			projectRoot = "";
			targets = (
				EAEABB941DF2174A002220BB /* AnalyticsIOSTestApp */,
			);
		};
/* End PBXProject section */

/* Begin PBXResourcesBuildPhase section */
		EAEABB931DF2174A002220BB /* Resources */ = {
			isa = PBXResourcesBuildPhase;
			buildActionMask = 2147483647;
			files = (
				EAEABBA31DF2174A002220BB /* LaunchScreen.storyboard in Resources */,
				EAEABBA01DF2174A002220BB /* Assets.xcassets in Resources */,
				EAEABB9E1DF2174A002220BB /* Main.storyboard in Resources */,
			);
			runOnlyForDeploymentPostprocessing = 0;
		};
/* End PBXResourcesBuildPhase section */

/* Begin PBXShellScriptBuildPhase section */
		2BCFAC254375B4D802163D0E /* [CP] Check Pods Manifest.lock */ = {
			isa = PBXShellScriptBuildPhase;
			buildActionMask = 2147483647;
			files = (
			);
			inputPaths = (
			);
			name = "[CP] Check Pods Manifest.lock";
			outputPaths = (
			);
			runOnlyForDeploymentPostprocessing = 0;
			shellPath = /bin/sh;
			shellScript = "diff \"${PODS_ROOT}/../Podfile.lock\" \"${PODS_ROOT}/Manifest.lock\" > /dev/null\nif [ $? != 0 ] ; then\n    # print error to STDERR\n    echo \"error: The sandbox is not in sync with the Podfile.lock. Run 'pod install' or update your CocoaPods installation.\" >&2\n    exit 1\nfi\n";
			showEnvVarsInLog = 0;
		};
		3B6D19378A081033361E90EF /* [CP] Embed Pods Frameworks */ = {
			isa = PBXShellScriptBuildPhase;
			buildActionMask = 2147483647;
			files = (
			);
			inputPaths = (
			);
			name = "[CP] Embed Pods Frameworks";
			outputPaths = (
			);
			runOnlyForDeploymentPostprocessing = 0;
			shellPath = /bin/sh;
			shellScript = "\"${SRCROOT}/Pods/Target Support Files/Pods-AnalyticsIOSTestApp/Pods-AnalyticsIOSTestApp-frameworks.sh\"\n";
			showEnvVarsInLog = 0;
		};
		7D118847B74F106397706431 /* [CP] Copy Pods Resources */ = {
			isa = PBXShellScriptBuildPhase;
			buildActionMask = 2147483647;
			files = (
			);
			inputPaths = (
			);
			name = "[CP] Copy Pods Resources";
			outputPaths = (
			);
			runOnlyForDeploymentPostprocessing = 0;
			shellPath = /bin/sh;
			shellScript = "\"${SRCROOT}/Pods/Target Support Files/Pods-AnalyticsIOSTestApp/Pods-AnalyticsIOSTestApp-resources.sh\"\n";
			showEnvVarsInLog = 0;
		};
/* End PBXShellScriptBuildPhase section */

/* Begin PBXSourcesBuildPhase section */
		EAEABB911DF2174A002220BB /* Sources */ = {
			isa = PBXSourcesBuildPhase;
			buildActionMask = 2147483647;
			files = (
				EAEABB9B1DF2174A002220BB /* ViewController.swift in Sources */,
				EA2BDC781E09E0A700F02E46 /* SEGKahunaIntegrationFactory.m in Sources */,
				EAEABBAD1DF23736002220BB /* CustomMiddlewares.swift in Sources */,
				EA2BDC771E09E0A700F02E46 /* SEGKahunaIntegration.m in Sources */,
				EAEABB991DF2174A002220BB /* AppDelegate.swift in Sources */,
				EAEABBAF1DF23BA9002220BB /* Helpers.swift in Sources */,
			);
			runOnlyForDeploymentPostprocessing = 0;
		};
/* End PBXSourcesBuildPhase section */

/* Begin PBXVariantGroup section */
		EAEABB9C1DF2174A002220BB /* Main.storyboard */ = {
			isa = PBXVariantGroup;
			children = (
				EAEABB9D1DF2174A002220BB /* Base */,
			);
			name = Main.storyboard;
			sourceTree = "<group>";
		};
		EAEABBA11DF2174A002220BB /* LaunchScreen.storyboard */ = {
			isa = PBXVariantGroup;
			children = (
				EAEABBA21DF2174A002220BB /* Base */,
			);
			name = LaunchScreen.storyboard;
			sourceTree = "<group>";
		};
/* End PBXVariantGroup section */

/* Begin XCBuildConfiguration section */
		EAEABBA51DF2174A002220BB /* Debug */ = {
			isa = XCBuildConfiguration;
			buildSettings = {
				ALWAYS_SEARCH_USER_PATHS = NO;
				CLANG_ANALYZER_NONNULL = YES;
				CLANG_CXX_LANGUAGE_STANDARD = "gnu++0x";
				CLANG_CXX_LIBRARY = "libc++";
				CLANG_ENABLE_MODULES = YES;
				CLANG_ENABLE_OBJC_ARC = YES;
				CLANG_WARN_BOOL_CONVERSION = YES;
				CLANG_WARN_CONSTANT_CONVERSION = YES;
				CLANG_WARN_DIRECT_OBJC_ISA_USAGE = YES_ERROR;
				CLANG_WARN_DOCUMENTATION_COMMENTS = YES;
				CLANG_WARN_EMPTY_BODY = YES;
				CLANG_WARN_ENUM_CONVERSION = YES;
				CLANG_WARN_INFINITE_RECURSION = YES;
				CLANG_WARN_INT_CONVERSION = YES;
				CLANG_WARN_OBJC_ROOT_CLASS = YES_ERROR;
				CLANG_WARN_SUSPICIOUS_MOVES = YES;
				CLANG_WARN_UNREACHABLE_CODE = YES;
				CLANG_WARN__DUPLICATE_METHOD_MATCH = YES;
				"CODE_SIGN_IDENTITY[sdk=iphoneos*]" = "iPhone Developer";
				COPY_PHASE_STRIP = NO;
				DEBUG_INFORMATION_FORMAT = dwarf;
				ENABLE_STRICT_OBJC_MSGSEND = YES;
				ENABLE_TESTABILITY = YES;
				GCC_C_LANGUAGE_STANDARD = gnu99;
				GCC_DYNAMIC_NO_PIC = NO;
				GCC_NO_COMMON_BLOCKS = YES;
				GCC_OPTIMIZATION_LEVEL = 0;
				GCC_PREPROCESSOR_DEFINITIONS = (
					"DEBUG=1",
					"$(inherited)",
				);
				GCC_WARN_64_TO_32_BIT_CONVERSION = YES;
				GCC_WARN_ABOUT_RETURN_TYPE = YES_ERROR;
				GCC_WARN_UNDECLARED_SELECTOR = YES;
				GCC_WARN_UNINITIALIZED_AUTOS = YES_AGGRESSIVE;
				GCC_WARN_UNUSED_FUNCTION = YES;
				GCC_WARN_UNUSED_VARIABLE = YES;
				IPHONEOS_DEPLOYMENT_TARGET = 10.1;
				MTL_ENABLE_DEBUG_INFO = YES;
				ONLY_ACTIVE_ARCH = YES;
				SDKROOT = iphoneos;
				SWIFT_ACTIVE_COMPILATION_CONDITIONS = DEBUG;
				SWIFT_OPTIMIZATION_LEVEL = "-Onone";
			};
			name = Debug;
		};
		EAEABBA61DF2174A002220BB /* Release */ = {
			isa = XCBuildConfiguration;
			buildSettings = {
				ALWAYS_SEARCH_USER_PATHS = NO;
				CLANG_ANALYZER_NONNULL = YES;
				CLANG_CXX_LANGUAGE_STANDARD = "gnu++0x";
				CLANG_CXX_LIBRARY = "libc++";
				CLANG_ENABLE_MODULES = YES;
				CLANG_ENABLE_OBJC_ARC = YES;
				CLANG_WARN_BOOL_CONVERSION = YES;
				CLANG_WARN_CONSTANT_CONVERSION = YES;
				CLANG_WARN_DIRECT_OBJC_ISA_USAGE = YES_ERROR;
				CLANG_WARN_DOCUMENTATION_COMMENTS = YES;
				CLANG_WARN_EMPTY_BODY = YES;
				CLANG_WARN_ENUM_CONVERSION = YES;
				CLANG_WARN_INFINITE_RECURSION = YES;
				CLANG_WARN_INT_CONVERSION = YES;
				CLANG_WARN_OBJC_ROOT_CLASS = YES_ERROR;
				CLANG_WARN_SUSPICIOUS_MOVES = YES;
				CLANG_WARN_UNREACHABLE_CODE = YES;
				CLANG_WARN__DUPLICATE_METHOD_MATCH = YES;
				"CODE_SIGN_IDENTITY[sdk=iphoneos*]" = "iPhone Developer";
				COPY_PHASE_STRIP = NO;
				DEBUG_INFORMATION_FORMAT = "dwarf-with-dsym";
				ENABLE_NS_ASSERTIONS = NO;
				ENABLE_STRICT_OBJC_MSGSEND = YES;
				GCC_C_LANGUAGE_STANDARD = gnu99;
				GCC_NO_COMMON_BLOCKS = YES;
				GCC_WARN_64_TO_32_BIT_CONVERSION = YES;
				GCC_WARN_ABOUT_RETURN_TYPE = YES_ERROR;
				GCC_WARN_UNDECLARED_SELECTOR = YES;
				GCC_WARN_UNINITIALIZED_AUTOS = YES_AGGRESSIVE;
				GCC_WARN_UNUSED_FUNCTION = YES;
				GCC_WARN_UNUSED_VARIABLE = YES;
				IPHONEOS_DEPLOYMENT_TARGET = 10.1;
				MTL_ENABLE_DEBUG_INFO = NO;
				SDKROOT = iphoneos;
				SWIFT_OPTIMIZATION_LEVEL = "-Owholemodule";
				VALIDATE_PRODUCT = YES;
			};
			name = Release;
		};
		EAEABBA81DF2174A002220BB /* Debug */ = {
			isa = XCBuildConfiguration;
			baseConfigurationReference = F2E972C5516B833DBE426048 /* Pods-AnalyticsIOSTestApp.debug.xcconfig */;
			buildSettings = {
				ASSETCATALOG_COMPILER_APPICON_NAME = AppIcon;
				CLANG_ENABLE_MODULES = YES;
				INFOPLIST_FILE = AnalyticsIOSTestApp/Info.plist;
				LD_RUNPATH_SEARCH_PATHS = "$(inherited) @executable_path/Frameworks";
				PRODUCT_BUNDLE_IDENTIFIER = com.segment.AnalyticsIOSTestApp;
				PRODUCT_NAME = "$(TARGET_NAME)";
				SWIFT_OBJC_BRIDGING_HEADER = "AnalyticsIOSTestApp/AnalyticsIOSTestApp-Bridging-Header.h";
				SWIFT_OPTIMIZATION_LEVEL = "-Onone";
				SWIFT_VERSION = 3.0;
			};
			name = Debug;
		};
		EAEABBA91DF2174A002220BB /* Release */ = {
			isa = XCBuildConfiguration;
			baseConfigurationReference = 39DCE8145A74600FF3F4E419 /* Pods-AnalyticsIOSTestApp.release.xcconfig */;
			buildSettings = {
				ASSETCATALOG_COMPILER_APPICON_NAME = AppIcon;
				CLANG_ENABLE_MODULES = YES;
				INFOPLIST_FILE = AnalyticsIOSTestApp/Info.plist;
				LD_RUNPATH_SEARCH_PATHS = "$(inherited) @executable_path/Frameworks";
				PRODUCT_BUNDLE_IDENTIFIER = com.segment.AnalyticsIOSTestApp;
				PRODUCT_NAME = "$(TARGET_NAME)";
				SWIFT_OBJC_BRIDGING_HEADER = "AnalyticsIOSTestApp/AnalyticsIOSTestApp-Bridging-Header.h";
				SWIFT_VERSION = 3.0;
			};
			name = Release;
		};
/* End XCBuildConfiguration section */

/* Begin XCConfigurationList section */
		EAEABB901DF2174A002220BB /* Build configuration list for PBXProject "AnalyticsIOSTestApp" */ = {
			isa = XCConfigurationList;
			buildConfigurations = (
				EAEABBA51DF2174A002220BB /* Debug */,
				EAEABBA61DF2174A002220BB /* Release */,
			);
			defaultConfigurationIsVisible = 0;
			defaultConfigurationName = Release;
		};
		EAEABBA71DF2174A002220BB /* Build configuration list for PBXNativeTarget "AnalyticsIOSTestApp" */ = {
			isa = XCConfigurationList;
			buildConfigurations = (
				EAEABBA81DF2174A002220BB /* Debug */,
				EAEABBA91DF2174A002220BB /* Release */,
			);
			defaultConfigurationIsVisible = 0;
			defaultConfigurationName = Release;
		};
/* End XCConfigurationList section */
	};
	rootObject = EAEABB8D1DF2174A002220BB /* Project object */;
}
