PODS:
  - Analytics (3.6.0)
  - Mixpanel (3.3.3)
  - Segment-Mixpanel (1.3.0):
    - Analytics (~> 3.0)
    - Mixpanel (~> 3.0)

DEPENDENCIES:
  - Analytics
  - Segment-Mixpanel

SPEC REPOS:
  https://github.com/cocoapods/specs.git:
    - Analytics
    - Mixpanel
    - Segment-Mixpanel

SPEC CHECKSUMS:
  Analytics: 15be3e651d22cc811f44df65698538236676437b
  Mixpanel: 3c3925c27f7a321d5978319a72f53f8f0885afc5
  Segment-Mixpanel: edded29dfc288e62f0fae20c9b42a3c50d0639b9

PODFILE CHECKSUM: f447d8802a038999e90e6da7dedf9379c332ffdc

COCOAPODS: 1.5.3
