// !$*UTF8*$!
{
	archiveVersion = 1;
	classes = {
	};
	objectVersion = 46;
	objects = {

/* Begin PBXBuildFile section */
		4617A58009539AE1FD2501A5 /* libPods-Deadlock.a in Frameworks */ = {isa = PBXBuildFile; fileRef = B3EA2AA13EBD465A3C85107D /* libPods-Deadlock.a */; };
		EAB25EEB1EA96463009F8D70 /* AppDelegate.swift in Sources */ = {isa = PBXBuildFile; fileRef = EAB25EEA1EA96463009F8D70 /* AppDelegate.swift */; };
		EAB25EED1EA96463009F8D70 /* ViewController.swift in Sources */ = {isa = PBXBuildFile; fileRef = EAB25EEC1EA96463009F8D70 /* ViewController.swift */; };
		EAB25EF01EA96463009F8D70 /* Main.storyboard in Resources */ = {isa = PBXBuildFile; fileRef = EAB25EEE1EA96463009F8D70 /* Main.storyboard */; };
		EAB25EF21EA96463009F8D70 /* Assets.xcassets in Resources */ = {isa = PBXBuildFile; fileRef = EAB25EF11EA96463009F8D70 /* Assets.xcassets */; };
		EAB25EF51EA96463009F8D70 /* LaunchScreen.storyboard in Resources */ = {isa = PBXBuildFile; fileRef = EAB25EF31EA96463009F8D70 /* LaunchScreen.storyboard */; };
/* End PBXBuildFile section */

/* Begin PBXFileReference section */
		8194EC52B94721592238976E /* Pods-Deadlock.release.xcconfig */ = {isa = PBXFileReference; includeInIndex = 1; lastKnownFileType = text.xcconfig; name = "Pods-Deadlock.release.xcconfig"; path = "Pods/Target Support Files/Pods-Deadlock/Pods-Deadlock.release.xcconfig"; sourceTree = "<group>"; };
		B3EA2AA13EBD465A3C85107D /* libPods-Deadlock.a */ = {isa = PBXFileReference; explicitFileType = archive.ar; includeInIndex = 0; path = "libPods-Deadlock.a"; sourceTree = BUILT_PRODUCTS_DIR; };
		BD7C17B21C0BC9EEABE47DB7 /* Pods-Deadlock.debug.xcconfig */ = {isa = PBXFileReference; includeInIndex = 1; lastKnownFileType = text.xcconfig; name = "Pods-Deadlock.debug.xcconfig"; path = "Pods/Target Support Files/Pods-Deadlock/Pods-Deadlock.debug.xcconfig"; sourceTree = "<group>"; };
		EAB25EE71EA96463009F8D70 /* Deadlock.app */ = {isa = PBXFileReference; explicitFileType = wrapper.application; includeInIndex = 0; path = Deadlock.app; sourceTree = BUILT_PRODUCTS_DIR; };
		EAB25EEA1EA96463009F8D70 /* AppDelegate.swift */ = {isa = PBXFileReference; lastKnownFileType = sourcecode.swift; path = AppDelegate.swift; sourceTree = "<group>"; };
		EAB25EEC1EA96463009F8D70 /* ViewController.swift */ = {isa = PBXFileReference; lastKnownFileType = sourcecode.swift; path = ViewController.swift; sourceTree = "<group>"; };
		EAB25EEF1EA96463009F8D70 /* Base */ = {isa = PBXFileReference; lastKnownFileType = file.storyboard; name = Base; path = Base.lproj/Main.storyboard; sourceTree = "<group>"; };
		EAB25EF11EA96463009F8D70 /* Assets.xcassets */ = {isa = PBXFileReference; lastKnownFileType = folder.assetcatalog; path = Assets.xcassets; sourceTree = "<group>"; };
		EAB25EF41EA96463009F8D70 /* Base */ = {isa = PBXFileReference; lastKnownFileType = file.storyboard; name = Base; path = Base.lproj/LaunchScreen.storyboard; sourceTree = "<group>"; };
		EAB25EF61EA96463009F8D70 /* Info.plist */ = {isa = PBXFileReference; lastKnownFileType = text.plist.xml; path = Info.plist; sourceTree = "<group>"; };
		EAB25EFE1EA9FD54009F8D70 /* Deadlock-Bridging-Header.h */ = {isa = PBXFileReference; lastKnownFileType = sourcecode.c.h; path = "Deadlock-Bridging-Header.h"; sourceTree = "<group>"; };
/* End PBXFileReference section */

/* Begin PBXFrameworksBuildPhase section */
		EAB25EE41EA96463009F8D70 /* Frameworks */ = {
			isa = PBXFrameworksBuildPhase;
			buildActionMask = 2147483647;
			files = (
				4617A58009539AE1FD2501A5 /* libPods-Deadlock.a in Frameworks */,
			);
			runOnlyForDeploymentPostprocessing = 0;
		};
/* End PBXFrameworksBuildPhase section */

/* Begin PBXGroup section */
		2E415783EAC2A45CC3DA2A54 /* Frameworks */ = {
			isa = PBXGroup;
			children = (
				B3EA2AA13EBD465A3C85107D /* libPods-Deadlock.a */,
			);
			name = Frameworks;
			sourceTree = "<group>";
		};
		468A065E7228D430B5A8FB71 /* Pods */ = {
			isa = PBXGroup;
			children = (
				BD7C17B21C0BC9EEABE47DB7 /* Pods-Deadlock.debug.xcconfig */,
				8194EC52B94721592238976E /* Pods-Deadlock.release.xcconfig */,
			);
			name = Pods;
			sourceTree = "<group>";
		};
		EAB25EDE1EA96463009F8D70 = {
			isa = PBXGroup;
			children = (
				EAB25EE91EA96463009F8D70 /* Deadlock */,
				EAB25EE81EA96463009F8D70 /* Products */,
				468A065E7228D430B5A8FB71 /* Pods */,
				2E415783EAC2A45CC3DA2A54 /* Frameworks */,
			);
			sourceTree = "<group>";
		};
		EAB25EE81EA96463009F8D70 /* Products */ = {
			isa = PBXGroup;
			children = (
				EAB25EE71EA96463009F8D70 /* Deadlock.app */,
			);
			name = Products;
			sourceTree = "<group>";
		};
		EAB25EE91EA96463009F8D70 /* Deadlock */ = {
			isa = PBXGroup;
			children = (
				EAB25EEA1EA96463009F8D70 /* AppDelegate.swift */,
				EAB25EEC1EA96463009F8D70 /* ViewController.swift */,
				EAB25EEE1EA96463009F8D70 /* Main.storyboard */,
				EAB25EF11EA96463009F8D70 /* Assets.xcassets */,
				EAB25EF31EA96463009F8D70 /* LaunchScreen.storyboard */,
				EAB25EF61EA96463009F8D70 /* Info.plist */,
				EAB25EFE1EA9FD54009F8D70 /* Deadlock-Bridging-Header.h */,
			);
			path = Deadlock;
			sourceTree = "<group>";
		};
/* End PBXGroup section */

/* Begin PBXNativeTarget section */
		EAB25EE61EA96463009F8D70 /* Deadlock */ = {
			isa = PBXNativeTarget;
			buildConfigurationList = EAB25EF91EA96463009F8D70 /* Build configuration list for PBXNativeTarget "Deadlock" */;
			buildPhases = (
				ABB738961B90EA88B6603B16 /* [CP] Check Pods Manifest.lock */,
				EAB25EE31EA96463009F8D70 /* Sources */,
				EAB25EE41EA96463009F8D70 /* Frameworks */,
				EAB25EE51EA96463009F8D70 /* Resources */,
				F29178F92585992128D89F8E /* [CP] Embed Pods Frameworks */,
				91CE94BA2F751F58E375EE3B /* [CP] Copy Pods Resources */,
			);
			buildRules = (
			);
			dependencies = (
			);
			name = Deadlock;
			productName = Deadlock;
			productReference = EAB25EE71EA96463009F8D70 /* Deadlock.app */;
			productType = "com.apple.product-type.application";
		};
/* End PBXNativeTarget section */

/* Begin PBXProject section */
		EAB25EDF1EA96463009F8D70 /* Project object */ = {
			isa = PBXProject;
			attributes = {
				LastSwiftUpdateCheck = 0830;
				LastUpgradeCheck = 0830;
				ORGANIZATIONNAME = "Tony Xiao";
				TargetAttributes = {
					EAB25EE61EA96463009F8D70 = {
						CreatedOnToolsVersion = 8.3.1;
						LastSwiftMigration = 0830;
						ProvisioningStyle = Automatic;
					};
				};
			};
			buildConfigurationList = EAB25EE21EA96463009F8D70 /* Build configuration list for PBXProject "Deadlock" */;
			compatibilityVersion = "Xcode 3.2";
			developmentRegion = English;
			hasScannedForEncodings = 0;
			knownRegions = (
				en,
				Base,
			);
			mainGroup = EAB25EDE1EA96463009F8D70;
			productRefGroup = EAB25EE81EA96463009F8D70 /* Products */;
			projectDirPath = "";
			projectRoot = "";
			targets = (
				EAB25EE61EA96463009F8D70 /* Deadlock */,
			);
		};
/* End PBXProject section */

/* Begin PBXResourcesBuildPhase section */
		EAB25EE51EA96463009F8D70 /* Resources */ = {
			isa = PBXResourcesBuildPhase;
			buildActionMask = 2147483647;
			files = (
				EAB25EF51EA96463009F8D70 /* LaunchScreen.storyboard in Resources */,
				EAB25EF21EA96463009F8D70 /* Assets.xcassets in Resources */,
				EAB25EF01EA96463009F8D70 /* Main.storyboard in Resources */,
			);
			runOnlyForDeploymentPostprocessing = 0;
		};
/* End PBXResourcesBuildPhase section */

/* Begin PBXShellScriptBuildPhase section */
		91CE94BA2F751F58E375EE3B /* [CP] Copy Pods Resources */ = {
			isa = PBXShellScriptBuildPhase;
			buildActionMask = 2147483647;
			files = (
			);
			inputPaths = (
			);
			name = "[CP] Copy Pods Resources";
			outputPaths = (
			);
			runOnlyForDeploymentPostprocessing = 0;
			shellPath = /bin/sh;
			shellScript = "\"${SRCROOT}/Pods/Target Support Files/Pods-Deadlock/Pods-Deadlock-resources.sh\"\n";
			showEnvVarsInLog = 0;
		};
		ABB738961B90EA88B6603B16 /* [CP] Check Pods Manifest.lock */ = {
			isa = PBXShellScriptBuildPhase;
			buildActionMask = 2147483647;
			files = (
			);
			inputPaths = (
			);
			name = "[CP] Check Pods Manifest.lock";
			outputPaths = (
			);
			runOnlyForDeploymentPostprocessing = 0;
			shellPath = /bin/sh;
			shellScript = "diff \"${PODS_PODFILE_DIR_PATH}/Podfile.lock\" \"${PODS_ROOT}/Manifest.lock\" > /dev/null\nif [ $? != 0 ] ; then\n    # print error to STDERR\n    echo \"error: The sandbox is not in sync with the Podfile.lock. Run 'pod install' or update your CocoaPods installation.\" >&2\n    exit 1\nfi\n";
			showEnvVarsInLog = 0;
		};
		F29178F92585992128D89F8E /* [CP] Embed Pods Frameworks */ = {
			isa = PBXShellScriptBuildPhase;
			buildActionMask = 2147483647;
			files = (
			);
			inputPaths = (
			);
			name = "[CP] Embed Pods Frameworks";
			outputPaths = (
			);
			runOnlyForDeploymentPostprocessing = 0;
			shellPath = /bin/sh;
			shellScript = "\"${SRCROOT}/Pods/Target Support Files/Pods-Deadlock/Pods-Deadlock-frameworks.sh\"\n";
			showEnvVarsInLog = 0;
		};
/* End PBXShellScriptBuildPhase section */

/* Begin PBXSourcesBuildPhase section */
		EAB25EE31EA96463009F8D70 /* Sources */ = {
			isa = PBXSourcesBuildPhase;
			buildActionMask = 2147483647;
			files = (
				EAB25EED1EA96463009F8D70 /* ViewController.swift in Sources */,
				EAB25EEB1EA96463009F8D70 /* AppDelegate.swift in Sources */,
			);
			runOnlyForDeploymentPostprocessing = 0;
		};
/* End PBXSourcesBuildPhase section */

/* Begin PBXVariantGroup section */
		EAB25EEE1EA96463009F8D70 /* Main.storyboard */ = {
			isa = PBXVariantGroup;
			children = (
				EAB25EEF1EA96463009F8D70 /* Base */,
			);
			name = Main.storyboard;
			sourceTree = "<group>";
		};
		EAB25EF31EA96463009F8D70 /* LaunchScreen.storyboard */ = {
			isa = PBXVariantGroup;
			children = (
				EAB25EF41EA96463009F8D70 /* Base */,
			);
			name = LaunchScreen.storyboard;
			sourceTree = "<group>";
		};
/* End PBXVariantGroup section */

/* Begin XCBuildConfiguration section */
		EAB25EF71EA96463009F8D70 /* Debug */ = {
			isa = XCBuildConfiguration;
			buildSettings = {
				ALWAYS_SEARCH_USER_PATHS = NO;
				CLANG_ANALYZER_NONNULL = YES;
				CLANG_ANALYZER_NUMBER_OBJECT_CONVERSION = YES_AGGRESSIVE;
				CLANG_CXX_LANGUAGE_STANDARD = "gnu++0x";
				CLANG_CXX_LIBRARY = "libc++";
				CLANG_ENABLE_MODULES = YES;
				CLANG_ENABLE_OBJC_ARC = YES;
				CLANG_WARN_BOOL_CONVERSION = YES;
				CLANG_WARN_CONSTANT_CONVERSION = YES;
				CLANG_WARN_DIRECT_OBJC_ISA_USAGE = YES_ERROR;
				CLANG_WARN_DOCUMENTATION_COMMENTS = YES;
				CLANG_WARN_EMPTY_BODY = YES;
				CLANG_WARN_ENUM_CONVERSION = YES;
				CLANG_WARN_INFINITE_RECURSION = YES;
				CLANG_WARN_INT_CONVERSION = YES;
				CLANG_WARN_OBJC_ROOT_CLASS = YES_ERROR;
				CLANG_WARN_SUSPICIOUS_MOVE = YES;
				CLANG_WARN_UNREACHABLE_CODE = YES;
				CLANG_WARN__DUPLICATE_METHOD_MATCH = YES;
				"CODE_SIGN_IDENTITY[sdk=iphoneos*]" = "iPhone Developer";
				COPY_PHASE_STRIP = NO;
				DEBUG_INFORMATION_FORMAT = dwarf;
				ENABLE_STRICT_OBJC_MSGSEND = YES;
				ENABLE_TESTABILITY = YES;
				GCC_C_LANGUAGE_STANDARD = gnu99;
				GCC_DYNAMIC_NO_PIC = NO;
				GCC_NO_COMMON_BLOCKS = YES;
				GCC_OPTIMIZATION_LEVEL = 0;
				GCC_PREPROCESSOR_DEFINITIONS = (
					"DEBUG=1",
					"$(inherited)",
				);
				GCC_WARN_64_TO_32_BIT_CONVERSION = YES;
				GCC_WARN_ABOUT_RETURN_TYPE = YES_ERROR;
				GCC_WARN_UNDECLARED_SELECTOR = YES;
				GCC_WARN_UNINITIALIZED_AUTOS = YES_AGGRESSIVE;
				GCC_WARN_UNUSED_FUNCTION = YES;
				GCC_WARN_UNUSED_VARIABLE = YES;
				IPHONEOS_DEPLOYMENT_TARGET = 10.3;
				MTL_ENABLE_DEBUG_INFO = YES;
				ONLY_ACTIVE_ARCH = YES;
				SDKROOT = iphoneos;
				SWIFT_ACTIVE_COMPILATION_CONDITIONS = DEBUG;
				SWIFT_OPTIMIZATION_LEVEL = "-Onone";
				TARGETED_DEVICE_FAMILY = "1,2";
			};
			name = Debug;
		};
		EAB25EF81EA96463009F8D70 /* Release */ = {
			isa = XCBuildConfiguration;
			buildSettings = {
				ALWAYS_SEARCH_USER_PATHS = NO;
				CLANG_ANALYZER_NONNULL = YES;
				CLANG_ANALYZER_NUMBER_OBJECT_CONVERSION = YES_AGGRESSIVE;
				CLANG_CXX_LANGUAGE_STANDARD = "gnu++0x";
				CLANG_CXX_LIBRARY = "libc++";
				CLANG_ENABLE_MODULES = YES;
				CLANG_ENABLE_OBJC_ARC = YES;
				CLANG_WARN_BOOL_CONVERSION = YES;
				CLANG_WARN_CONSTANT_CONVERSION = YES;
				CLANG_WARN_DIRECT_OBJC_ISA_USAGE = YES_ERROR;
				CLANG_WARN_DOCUMENTATION_COMMENTS = YES;
				CLANG_WARN_EMPTY_BODY = YES;
				CLANG_WARN_ENUM_CONVERSION = YES;
				CLANG_WARN_INFINITE_RECURSION = YES;
				CLANG_WARN_INT_CONVERSION = YES;
				CLANG_WARN_OBJC_ROOT_CLASS = YES_ERROR;
				CLANG_WARN_SUSPICIOUS_MOVE = YES;
				CLANG_WARN_UNREACHABLE_CODE = YES;
				CLANG_WARN__DUPLICATE_METHOD_MATCH = YES;
				"CODE_SIGN_IDENTITY[sdk=iphoneos*]" = "iPhone Developer";
				COPY_PHASE_STRIP = NO;
				DEBUG_INFORMATION_FORMAT = "dwarf-with-dsym";
				ENABLE_NS_ASSERTIONS = NO;
				ENABLE_STRICT_OBJC_MSGSEND = YES;
				GCC_C_LANGUAGE_STANDARD = gnu99;
				GCC_NO_COMMON_BLOCKS = YES;
				GCC_WARN_64_TO_32_BIT_CONVERSION = YES;
				GCC_WARN_ABOUT_RETURN_TYPE = YES_ERROR;
				GCC_WARN_UNDECLARED_SELECTOR = YES;
				GCC_WARN_UNINITIALIZED_AUTOS = YES_AGGRESSIVE;
				GCC_WARN_UNUSED_FUNCTION = YES;
				GCC_WARN_UNUSED_VARIABLE = YES;
				IPHONEOS_DEPLOYMENT_TARGET = 10.3;
				MTL_ENABLE_DEBUG_INFO = NO;
				SDKROOT = iphoneos;
				SWIFT_OPTIMIZATION_LEVEL = "-Owholemodule";
				TARGETED_DEVICE_FAMILY = "1,2";
				VALIDATE_PRODUCT = YES;
			};
			name = Release;
		};
		EAB25EFA1EA96463009F8D70 /* Debug */ = {
			isa = XCBuildConfiguration;
			baseConfigurationReference = BD7C17B21C0BC9EEABE47DB7 /* Pods-Deadlock.debug.xcconfig */;
			buildSettings = {
				ASSETCATALOG_COMPILER_APPICON_NAME = AppIcon;
				CLANG_ENABLE_MODULES = YES;
				INFOPLIST_FILE = Deadlock/Info.plist;
				LD_RUNPATH_SEARCH_PATHS = "$(inherited) @executable_path/Frameworks";
				PRODUCT_BUNDLE_IDENTIFIER = com.segment.Deadlock;
				PRODUCT_NAME = "$(TARGET_NAME)";
				SWIFT_OBJC_BRIDGING_HEADER = "Deadlock/Deadlock-Bridging-Header.h";
				SWIFT_OPTIMIZATION_LEVEL = "-Onone";
				SWIFT_VERSION = 3.0;
			};
			name = Debug;
		};
		EAB25EFB1EA96463009F8D70 /* Release */ = {
			isa = XCBuildConfiguration;
			baseConfigurationReference = 8194EC52B94721592238976E /* Pods-Deadlock.release.xcconfig */;
			buildSettings = {
				ASSETCATALOG_COMPILER_APPICON_NAME = AppIcon;
				CLANG_ENABLE_MODULES = YES;
				INFOPLIST_FILE = Deadlock/Info.plist;
				LD_RUNPATH_SEARCH_PATHS = "$(inherited) @executable_path/Frameworks";
				PRODUCT_BUNDLE_IDENTIFIER = com.segment.Deadlock;
				PRODUCT_NAME = "$(TARGET_NAME)";
				SWIFT_OBJC_BRIDGING_HEADER = "Deadlock/Deadlock-Bridging-Header.h";
				SWIFT_VERSION = 3.0;
			};
			name = Release;
		};
/* End XCBuildConfiguration section */

/* Begin XCConfigurationList section */
		EAB25EE21EA96463009F8D70 /* Build configuration list for PBXProject "Deadlock" */ = {
			isa = XCConfigurationList;
			buildConfigurations = (
				EAB25EF71EA96463009F8D70 /* Debug */,
				EAB25EF81EA96463009F8D70 /* Release */,
			);
			defaultConfigurationIsVisible = 0;
			defaultConfigurationName = Release;
		};
		EAB25EF91EA96463009F8D70 /* Build configuration list for PBXNativeTarget "Deadlock" */ = {
			isa = XCConfigurationList;
			buildConfigurations = (
				EAB25EFA1EA96463009F8D70 /* Debug */,
				EAB25EFB1EA96463009F8D70 /* Release */,
			);
			defaultConfigurationIsVisible = 0;
			defaultConfigurationName = Release;
		};
/* End XCConfigurationList section */
	};
	rootObject = EAB25EDF1EA96463009F8D70 /* Project object */;
}
